
Microsoft Visual Studio Solution File, Format Version 11.00
# Visual C# Express 2010
Project("{FAE04EC0-301F-11D3-BF4B-00C04F79EFBC}") = "ChainQuiz", "ChainQuiz\ChainQuiz.csproj", "{BE4B79DE-4BE4-47CA-83FC-DD61226578E2}"
EndProject
Global
	GlobalSection(SolutionConfigurationPlatforms) = preSolution
		Debug|x86 = Debug|x86
		Release|x86 = Release|x86
	EndGlobalSection
	GlobalSection(ProjectConfigurationPlatforms) = postSolution
		{BE4B79DE-4BE4-47CA-83FC-DD61226578E2}.Debug|x86.ActiveCfg = Debug|x86
		{BE4B79DE-4BE4-47CA-83FC-DD61226578E2}.Debug|x86.Build.0 = Debug|x86
		{BE4B79DE-4BE4-47CA-83FC-DD61226578E2}.Release|x86.ActiveCfg = Release|x86
		{BE4B79DE-4BE4-47CA-83FC-DD61226578E2}.Release|x86.Build.0 = Release|x86
	EndGlobalSection
	GlobalSection(SolutionProperties) = preSolution
		HideSolutionNode = FALSE
	EndGlobalSection
EndGlobal
